// !$*UTF8*$!
{
	archiveVersion = 1;
	classes = {
	};
	objectVersion = 46;
	objects = {

/* Begin PBXBuildFile section */
		750C88FF1D451C5A0024BBB5 /* main.m in Sources */ = {isa = PBXBuildFile; fileRef = 750C88FE1D451C5A0024BBB5 /* main.m */; };
		750C89021D451C5A0024BBB5 /* AppDelegate.m in Sources */ = {isa = PBXBuildFile; fileRef = 750C89011D451C5A0024BBB5 /* AppDelegate.m */; };
		750C89051D451C5A0024BBB5 /* ViewController.m in Sources */ = {isa = PBXBuildFile; fileRef = 750C89041D451C5A0024BBB5 /* ViewController.m */; };
		750C89081D451C5A0024BBB5 /* Main.storyboard in Resources */ = {isa = PBXBuildFile; fileRef = 750C89061D451C5A0024BBB5 /* Main.storyboard */; };
		750C890A1D451C5A0024BBB5 /* Assets.xcassets in Resources */ = {isa = PBXBuildFile; fileRef = 750C89091D451C5A0024BBB5 /* Assets.xcassets */; };
		750C890D1D451C5A0024BBB5 /* LaunchScreen.storyboard in Resources */ = {isa = PBXBuildFile; fileRef = 750C890B1D451C5A0024BBB5 /* LaunchScreen.storyboard */; };
		750C89181D451C5A0024BBB5 /* TianmaoGoodSelectTests.m in Sources */ = {isa = PBXBuildFile; fileRef = 750C89171D451C5A0024BBB5 /* TianmaoGoodSelectTests.m */; };
		750C89231D451C5A0024BBB5 /* TianmaoGoodSelectUITests.m in Sources */ = {isa = PBXBuildFile; fileRef = 750C89221D451C5A0024BBB5 /* TianmaoGoodSelectUITests.m */; };
		750C89321D451CC60024BBB5 /* RJGoodSelectVIew.m in Sources */ = {isa = PBXBuildFile; fileRef = 750C89311D451CC60024BBB5 /* RJGoodSelectVIew.m */; };
/* End PBXBuildFile section */

/* Begin PBXContainerItemProxy section */
		750C89141D451C5A0024BBB5 /* PBXContainerItemProxy */ = {
			isa = PBXContainerItemProxy;
			containerPortal = 750C88F21D451C5A0024BBB5 /* Project object */;
			proxyType = 1;
			remoteGlobalIDString = 750C88F91D451C5A0024BBB5;
			remoteInfo = TianmaoGoodSelect;
		};
		750C891F1D451C5A0024BBB5 /* PBXContainerItemProxy */ = {
			isa = PBXContainerItemProxy;
			containerPortal = 750C88F21D451C5A0024BBB5 /* Project object */;
			proxyType = 1;
			remoteGlobalIDString = 750C88F91D451C5A0024BBB5;
			remoteInfo = TianmaoGoodSelect;
		};
/* End PBXContainerItemProxy section */

/* Begin PBXFileReference section */
		750C88FA1D451C5A0024BBB5 /* TianmaoGoodSelect.app */ = {isa = PBXFileReference; explicitFileType = wrapper.application; includeInIndex = 0; path = TianmaoGoodSelect.app; sourceTree = BUILT_PRODUCTS_DIR; };
		750C88FE1D451C5A0024BBB5 /* main.m */ = {isa = PBXFileReference; lastKnownFileType = sourcecode.c.objc; path = main.m; sourceTree = "<group>"; };
		750C89001D451C5A0024BBB5 /* AppDelegate.h */ = {isa = PBXFileReference; lastKnownFileType = sourcecode.c.h; path = AppDelegate.h; sourceTree = "<group>"; };
		750C89011D451C5A0024BBB5 /* AppDelegate.m */ = {isa = PBXFileReference; lastKnownFileType = sourcecode.c.objc; path = AppDelegate.m; sourceTree = "<group>"; };
		750C89031D451C5A0024BBB5 /* ViewController.h */ = {isa = PBXFileReference; lastKnownFileType = sourcecode.c.h; path = ViewController.h; sourceTree = "<group>"; };
		750C89041D451C5A0024BBB5 /* ViewController.m */ = {isa = PBXFileReference; lastKnownFileType = sourcecode.c.objc; path = ViewController.m; sourceTree = "<group>"; };
		750C89071D451C5A0024BBB5 /* Base */ = {isa = PBXFileReference; lastKnownFileType = file.storyboard; name = Base; path = Base.lproj/Main.storyboard; sourceTree = "<group>"; };
		750C89091D451C5A0024BBB5 /* Assets.xcassets */ = {isa = PBXFileReference; lastKnownFileType = folder.assetcatalog; path = Assets.xcassets; sourceTree = "<group>"; };
		750C890C1D451C5A0024BBB5 /* Base */ = {isa = PBXFileReference; lastKnownFileType = file.storyboard; name = Base; path = Base.lproj/LaunchScreen.storyboard; sourceTree = "<group>"; };
		750C890E1D451C5A0024BBB5 /* Info.plist */ = {isa = PBXFileReference; lastKnownFileType = text.plist.xml; path = Info.plist; sourceTree = "<group>"; };
		750C89131D451C5A0024BBB5 /* TianmaoGoodSelectTests.xctest */ = {isa = PBXFileReference; explicitFileType = wrapper.cfbundle; includeInIndex = 0; path = TianmaoGoodSelectTests.xctest; sourceTree = BUILT_PRODUCTS_DIR; };
		750C89171D451C5A0024BBB5 /* TianmaoGoodSelectTests.m */ = {isa = PBXFileReference; lastKnownFileType = sourcecode.c.objc; path = TianmaoGoodSelectTests.m; sourceTree = "<group>"; };
		750C89191D451C5A0024BBB5 /* Info.plist */ = {isa = PBXFileReference; lastKnownFileType = text.plist.xml; path = Info.plist; sourceTree = "<group>"; };
		750C891E1D451C5A0024BBB5 /* TianmaoGoodSelectUITests.xctest */ = {isa = PBXFileReference; explicitFileType = wrapper.cfbundle; includeInIndex = 0; path = TianmaoGoodSelectUITests.xctest; sourceTree = BUILT_PRODUCTS_DIR; };
		750C89221D451C5A0024BBB5 /* TianmaoGoodSelectUITests.m */ = {isa = PBXFileReference; lastKnownFileType = sourcecode.c.objc; path = TianmaoGoodSelectUITests.m; sourceTree = "<group>"; };
		750C89241D451C5A0024BBB5 /* Info.plist */ = {isa = PBXFileReference; lastKnownFileType = text.plist.xml; path = Info.plist; sourceTree = "<group>"; };
		750C89301D451CC60024BBB5 /* RJGoodSelectVIew.h */ = {isa = PBXFileReference; fileEncoding = 4; lastKnownFileType = sourcecode.c.h; path = RJGoodSelectVIew.h; sourceTree = "<group>"; };
		750C89311D451CC60024BBB5 /* RJGoodSelectVIew.m */ = {isa = PBXFileReference; fileEncoding = 4; lastKnownFileType = sourcecode.c.objc; path = RJGoodSelectVIew.m; sourceTree = "<group>"; };
/* End PBXFileReference section */

/* Begin PBXFrameworksBuildPhase section */
		750C88F71D451C5A0024BBB5 /* Frameworks */ = {
			isa = PBXFrameworksBuildPhase;
			buildActionMask = 2147483647;
			files = (
			);
			runOnlyForDeploymentPostprocessing = 0;
		};
		750C89101D451C5A0024BBB5 /* Frameworks */ = {
			isa = PBXFrameworksBuildPhase;
			buildActionMask = 2147483647;
			files = (
			);
			runOnlyForDeploymentPostprocessing = 0;
		};
		750C891B1D451C5A0024BBB5 /* Frameworks */ = {
			isa = PBXFrameworksBuildPhase;
			buildActionMask = 2147483647;
			files = (
			);
			runOnlyForDeploymentPostprocessing = 0;
		};
/* End PBXFrameworksBuildPhase section */

/* Begin PBXGroup section */
		750C88F11D451C5A0024BBB5 = {
			isa = PBXGroup;
			children = (
				750C88FC1D451C5A0024BBB5 /* TianmaoGoodSelect */,
				750C89161D451C5A0024BBB5 /* TianmaoGoodSelectTests */,
				750C89211D451C5A0024BBB5 /* TianmaoGoodSelectUITests */,
				750C88FB1D451C5A0024BBB5 /* Products */,
			);
			sourceTree = "<group>";
		};
		750C88FB1D451C5A0024BBB5 /* Products */ = {
			isa = PBXGroup;
			children = (
				750C88FA1D451C5A0024BBB5 /* TianmaoGoodSelect.app */,
				750C89131D451C5A0024BBB5 /* TianmaoGoodSelectTests.xctest */,
				750C891E1D451C5A0024BBB5 /* TianmaoGoodSelectUITests.xctest */,
			);
			name = Products;
			sourceTree = "<group>";
		};
		750C88FC1D451C5A0024BBB5 /* TianmaoGoodSelect */ = {
			isa = PBXGroup;
			children = (
				750C89001D451C5A0024BBB5 /* AppDelegate.h */,
				750C89011D451C5A0024BBB5 /* AppDelegate.m */,
				750C89031D451C5A0024BBB5 /* ViewController.h */,
				750C89301D451CC60024BBB5 /* RJGoodSelectVIew.h */,
				750C89311D451CC60024BBB5 /* RJGoodSelectVIew.m */,
				750C89041D451C5A0024BBB5 /* ViewController.m */,
				750C89061D451C5A0024BBB5 /* Main.storyboard */,
				750C89091D451C5A0024BBB5 /* Assets.xcassets */,
				750C890B1D451C5A0024BBB5 /* LaunchScreen.storyboard */,
				750C890E1D451C5A0024BBB5 /* Info.plist */,
				750C88FD1D451C5A0024BBB5 /* Supporting Files */,
			);
			path = TianmaoGoodSelect;
			sourceTree = "<group>";
		};
		750C88FD1D451C5A0024BBB5 /* Supporting Files */ = {
			isa = PBXGroup;
			children = (
				750C88FE1D451C5A0024BBB5 /* main.m */,
			);
			name = "Supporting Files";
			sourceTree = "<group>";
		};
		750C89161D451C5A0024BBB5 /* TianmaoGoodSelectTests */ = {
			isa = PBXGroup;
			children = (
				750C89171D451C5A0024BBB5 /* TianmaoGoodSelectTests.m */,
				750C89191D451C5A0024BBB5 /* Info.plist */,
			);
			path = TianmaoGoodSelectTests;
			sourceTree = "<group>";
		};
		750C89211D451C5A0024BBB5 /* TianmaoGoodSelectUITests */ = {
			isa = PBXGroup;
			children = (
				750C89221D451C5A0024BBB5 /* TianmaoGoodSelectUITests.m */,
				750C89241D451C5A0024BBB5 /* Info.plist */,
			);
			path = TianmaoGoodSelectUITests;
			sourceTree = "<group>";
		};
/* End PBXGroup section */

/* Begin PBXNativeTarget section */
		750C88F91D451C5A0024BBB5 /* TianmaoGoodSelect */ = {
			isa = PBXNativeTarget;
			buildConfigurationList = 750C89271D451C5A0024BBB5 /* Build configuration list for PBXNativeTarget "TianmaoGoodSelect" */;
			buildPhases = (
				750C88F61D451C5A0024BBB5 /* Sources */,
				750C88F71D451C5A0024BBB5 /* Frameworks */,
				750C88F81D451C5A0024BBB5 /* Resources */,
			);
			buildRules = (
			);
			dependencies = (
			);
			name = TianmaoGoodSelect;
			productName = TianmaoGoodSelect;
			productReference = 750C88FA1D451C5A0024BBB5 /* TianmaoGoodSelect.app */;
			productType = "com.apple.product-type.application";
		};
		750C89121D451C5A0024BBB5 /* TianmaoGoodSelectTests */ = {
			isa = PBXNativeTarget;
			buildConfigurationList = 750C892A1D451C5A0024BBB5 /* Build configuration list for PBXNativeTarget "TianmaoGoodSelectTests" */;
			buildPhases = (
				750C890F1D451C5A0024BBB5 /* Sources */,
				750C89101D451C5A0024BBB5 /* Frameworks */,
				750C89111D451C5A0024BBB5 /* Resources */,
			);
			buildRules = (
			);
			dependencies = (
				750C89151D451C5A0024BBB5 /* PBXTargetDependency */,
			);
			name = TianmaoGoodSelectTests;
			productName = TianmaoGoodSelectTests;
			productReference = 750C89131D451C5A0024BBB5 /* TianmaoGoodSelectTests.xctest */;
			productType = "com.apple.product-type.bundle.unit-test";
		};
		750C891D1D451C5A0024BBB5 /* TianmaoGoodSelectUITests */ = {
			isa = PBXNativeTarget;
			buildConfigurationList = 750C892D1D451C5A0024BBB5 /* Build configuration list for PBXNativeTarget "TianmaoGoodSelectUITests" */;
			buildPhases = (
				750C891A1D451C5A0024BBB5 /* Sources */,
				750C891B1D451C5A0024BBB5 /* Frameworks */,
				750C891C1D451C5A0024BBB5 /* Resources */,
			);
			buildRules = (
			);
			dependencies = (
				750C89201D451C5A0024BBB5 /* PBXTargetDependency */,
			);
			name = TianmaoGoodSelectUITests;
			productName = TianmaoGoodSelectUITests;
			productReference = 750C891E1D451C5A0024BBB5 /* TianmaoGoodSelectUITests.xctest */;
			productType = "com.apple.product-type.bundle.ui-testing";
		};
/* End PBXNativeTarget section */

/* Begin PBXProject section */
		750C88F21D451C5A0024BBB5 /* Project object */ = {
			isa = PBXProject;
			attributes = {
				LastUpgradeCheck = 0730;
				ORGANIZATIONNAME = vd;
				TargetAttributes = {
					750C88F91D451C5A0024BBB5 = {
						CreatedOnToolsVersion = 7.3.1;
					};
					750C89121D451C5A0024BBB5 = {
						CreatedOnToolsVersion = 7.3.1;
						TestTargetID = 750C88F91D451C5A0024BBB5;
					};
					750C891D1D451C5A0024BBB5 = {
						CreatedOnToolsVersion = 7.3.1;
						TestTargetID = 750C88F91D451C5A0024BBB5;
					};
				};
			};
			buildConfigurationList = 750C88F51D451C5A0024BBB5 /* Build configuration list for PBXProject "TianmaoGoodSelect" */;
			compatibilityVersion = "Xcode 3.2";
			developmentRegion = English;
			hasScannedForEncodings = 0;
			knownRegions = (
				en,
				Base,
			);
			mainGroup = 750C88F11D451C5A0024BBB5;
			productRefGroup = 750C88FB1D451C5A0024BBB5 /* Products */;
			projectDirPath = "";
			projectRoot = "";
			targets = (
				750C88F91D451C5A0024BBB5 /* TianmaoGoodSelect */,
				750C89121D451C5A0024BBB5 /* TianmaoGoodSelectTests */,
				750C891D1D451C5A0024BBB5 /* TianmaoGoodSelectUITests */,
			);
		};
/* End PBXProject section */

/* Begin PBXResourcesBuildPhase section */
		750C88F81D451C5A0024BBB5 /* Resources */ = {
			isa = PBXResourcesBuildPhase;
			buildActionMask = 2147483647;
			files = (
				750C890D1D451C5A0024BBB5 /* LaunchScreen.storyboard in Resources */,
				750C890A1D451C5A0024BBB5 /* Assets.xcassets in Resources */,
				750C89081D451C5A0024BBB5 /* Main.storyboard in Resources */,
			);
			runOnlyForDeploymentPostprocessing = 0;
		};
		750C89111D451C5A0024BBB5 /* Resources */ = {
			isa = PBXResourcesBuildPhase;
			buildActionMask = 2147483647;
			files = (
			);
			runOnlyForDeploymentPostprocessing = 0;
		};
		750C891C1D451C5A0024BBB5 /* Resources */ = {
			isa = PBXResourcesBuildPhase;
			buildActionMask = 2147483647;
			files = (
			);
			runOnlyForDeploymentPostprocessing = 0;
		};
/* End PBXResourcesBuildPhase section */

/* Begin PBXSourcesBuildPhase section */
		750C88F61D451C5A0024BBB5 /* Sources */ = {
			isa = PBXSourcesBuildPhase;
			buildActionMask = 2147483647;
			files = (
				750C89051D451C5A0024BBB5 /* ViewController.m in Sources */,
				750C89321D451CC60024BBB5 /* RJGoodSelectVIew.m in Sources */,
				750C89021D451C5A0024BBB5 /* AppDelegate.m in Sources */,
				750C88FF1D451C5A0024BBB5 /* main.m in Sources */,
			);
			runOnlyForDeploymentPostprocessing = 0;
		};
		750C890F1D451C5A0024BBB5 /* Sources */ = {
			isa = PBXSourcesBuildPhase;
			buildActionMask = 2147483647;
			files = (
				750C89181D451C5A0024BBB5 /* TianmaoGoodSelectTests.m in Sources */,
			);
			runOnlyForDeploymentPostprocessing = 0;
		};
		750C891A1D451C5A0024BBB5 /* Sources */ = {
			isa = PBXSourcesBuildPhase;
			buildActionMask = 2147483647;
			files = (
				750C89231D451C5A0024BBB5 /* TianmaoGoodSelectUITests.m in Sources */,
			);
			runOnlyForDeploymentPostprocessing = 0;
		};
/* End PBXSourcesBuildPhase section */

/* Begin PBXTargetDependency section */
		750C89151D451C5A0024BBB5 /* PBXTargetDependency */ = {
			isa = PBXTargetDependency;
			target = 750C88F91D451C5A0024BBB5 /* TianmaoGoodSelect */;
			targetProxy = 750C89141D451C5A0024BBB5 /* PBXContainerItemProxy */;
		};
		750C89201D451C5A0024BBB5 /* PBXTargetDependency */ = {
			isa = PBXTargetDependency;
			target = 750C88F91D451C5A0024BBB5 /* TianmaoGoodSelect */;
			targetProxy = 750C891F1D451C5A0024BBB5 /* PBXContainerItemProxy */;
		};
/* End PBXTargetDependency section */

/* Begin PBXVariantGroup section */
		750C89061D451C5A0024BBB5 /* Main.storyboard */ = {
			isa = PBXVariantGroup;
			children = (
				750C89071D451C5A0024BBB5 /* Base */,
			);
			name = Main.storyboard;
			sourceTree = "<group>";
		};
		750C890B1D451C5A0024BBB5 /* LaunchScreen.storyboard */ = {
			isa = PBXVariantGroup;
			children = (
				750C890C1D451C5A0024BBB5 /* Base */,
			);
			name = LaunchScreen.storyboard;
			sourceTree = "<group>";
		};
/* End PBXVariantGroup section */

/* Begin XCBuildConfiguration section */
		750C89251D451C5A0024BBB5 /* Debug */ = {
			isa = XCBuildConfiguration;
			buildSettings = {
				ALWAYS_SEARCH_USER_PATHS = NO;
				CLANG_ANALYZER_NONNULL = YES;
				CLANG_CXX_LANGUAGE_STANDARD = "gnu++0x";
				CLANG_CXX_LIBRARY = "libc++";
				CLANG_ENABLE_MODULES = YES;
				CLANG_ENABLE_OBJC_ARC = YES;
				CLANG_WARN_BOOL_CONVERSION = YES;
				CLANG_WARN_CONSTANT_CONVERSION = YES;
				CLANG_WARN_DIRECT_OBJC_ISA_USAGE = YES_ERROR;
				CLANG_WARN_EMPTY_BODY = YES;
				CLANG_WARN_ENUM_CONVERSION = YES;
				CLANG_WARN_INT_CONVERSION = YES;
				CLANG_WARN_OBJC_ROOT_CLASS = YES_ERROR;
				CLANG_WARN_UNREACHABLE_CODE = YES;
				CLANG_WARN__DUPLICATE_METHOD_MATCH = YES;
				"CODE_SIGN_IDENTITY[sdk=iphoneos*]" = "iPhone Developer";
				COPY_PHASE_STRIP = NO;
				DEBUG_INFORMATION_FORMAT = dwarf;
				ENABLE_STRICT_OBJC_MSGSEND = YES;
				ENABLE_TESTABILITY = YES;
				GCC_C_LANGUAGE_STANDARD = gnu99;
				GCC_DYNAMIC_NO_PIC = NO;
				GCC_NO_COMMON_BLOCKS = YES;
				GCC_OPTIMIZATION_LEVEL = 0;
				GCC_PREPROCESSOR_DEFINITIONS = (
					"DEBUG=1",
					"$(inherited)",
				);
				GCC_WARN_64_TO_32_BIT_CONVERSION = YES;
				GCC_WARN_ABOUT_RETURN_TYPE = YES_ERROR;
				GCC_WARN_UNDECLARED_SELECTOR = YES;
				GCC_WARN_UNINITIALIZED_AUTOS = YES_AGGRESSIVE;
				GCC_WARN_UNUSED_FUNCTION = YES;
				GCC_WARN_UNUSED_VARIABLE = YES;
				IPHONEOS_DEPLOYMENT_TARGET = 9.3;
				MTL_ENABLE_DEBUG_INFO = YES;
				ONLY_ACTIVE_ARCH = YES;
				SDKROOT = iphoneos;
			};
			name = Debug;
		};
		750C89261D451C5A0024BBB5 /* Release */ = {
			isa = XCBuildConfiguration;
			buildSettings = {
				ALWAYS_SEARCH_USER_PATHS = NO;
				CLANG_ANALYZER_NONNULL = YES;
				CLANG_CXX_LANGUAGE_STANDARD = "gnu++0x";
				CLANG_CXX_LIBRARY = "libc++";
				CLANG_ENABLE_MODULES = YES;
				CLANG_ENABLE_OBJC_ARC = YES;
				CLANG_WARN_BOOL_CONVERSION = YES;
				CLANG_WARN_CONSTANT_CONVERSION = YES;
				CLANG_WARN_DIRECT_OBJC_ISA_USAGE = YES_ERROR;
				CLANG_WARN_EMPTY_BODY = YES;
				CLANG_WARN_ENUM_CONVERSION = YES;
				CLANG_WARN_INT_CONVERSION = YES;
				CLANG_WARN_OBJC_ROOT_CLASS = YES_ERROR;
				CLANG_WARN_UNREACHABLE_CODE = YES;
				CLANG_WARN__DUPLICATE_METHOD_MATCH = YES;
				"CODE_SIGN_IDENTITY[sdk=iphoneos*]" = "iPhone Developer";
				COPY_PHASE_STRIP = NO;
				DEBUG_INFORMATION_FORMAT = "dwarf-with-dsym";
				ENABLE_NS_ASSERTIONS = NO;
				ENABLE_STRICT_OBJC_MSGSEND = YES;
				GCC_C_LANGUAGE_STANDARD = gnu99;
				GCC_NO_COMMON_BLOCKS = YES;
				GCC_WARN_64_TO_32_BIT_CONVERSION = YES;
				GCC_WARN_ABOUT_RETURN_TYPE = YES_ERROR;
				GCC_WARN_UNDECLARED_SELECTOR = YES;
				GCC_WARN_UNINITIALIZED_AUTOS = YES_AGGRESSIVE;
				GCC_WARN_UNUSED_FUNCTION = YES;
				GCC_WARN_UNUSED_VARIABLE = YES;
				IPHONEOS_DEPLOYMENT_TARGET = 9.3;
				MTL_ENABLE_DEBUG_INFO = NO;
				SDKROOT = iphoneos;
				VALIDATE_PRODUCT = YES;
			};
			name = Release;
		};
		750C89281D451C5A0024BBB5 /* Debug */ = {
			isa = XCBuildConfiguration;
			buildSettings = {
				ASSETCATALOG_COMPILER_APPICON_NAME = AppIcon;
				INFOPLIST_FILE = TianmaoGoodSelect/Info.plist;
				LD_RUNPATH_SEARCH_PATHS = "$(inherited) @executable_path/Frameworks";
				PRODUCT_BUNDLE_IDENTIFIER = com.soft.demo1;
				PRODUCT_NAME = "$(TARGET_NAME)";
			};
			name = Debug;
		};
		750C89291D451C5A0024BBB5 /* Release */ = {
			isa = XCBuildConfiguration;
			buildSettings = {
				ASSETCATALOG_COMPILER_APPICON_NAME = AppIcon;
				INFOPLIST_FILE = TianmaoGoodSelect/Info.plist;
				LD_RUNPATH_SEARCH_PATHS = "$(inherited) @executable_path/Frameworks";
				PRODUCT_BUNDLE_IDENTIFIER = com.soft.demo1;
				PRODUCT_NAME = "$(TARGET_NAME)";
			};
			name = Release;
		};
		750C892B1D451C5A0024BBB5 /* Debug */ = {
			isa = XCBuildConfiguration;
			buildSettings = {
				BUNDLE_LOADER = "$(TEST_HOST)";
				INFOPLIST_FILE = TianmaoGoodSelectTests/Info.plist;
				LD_RUNPATH_SEARCH_PATHS = "$(inherited) @executable_path/Frameworks @loader_path/Frameworks";
				PRODUCT_BUNDLE_IDENTIFIER = com.soft.demo1.TianmaoGoodSelectTests;
				PRODUCT_NAME = "$(TARGET_NAME)";
				TEST_HOST = "$(BUILT_PRODUCTS_DIR)/TianmaoGoodSelect.app/TianmaoGoodSelect";
			};
			name = Debug;
		};
		750C892C1D451C5A0024BBB5 /* Release */ = {
			isa = XCBuildConfiguration;
			buildSettings = {
				BUNDLE_LOADER = "$(TEST_HOST)";
				INFOPLIST_FILE = TianmaoGoodSelectTests/Info.plist;
				LD_RUNPATH_SEARCH_PATHS = "$(inherited) @executable_path/Frameworks @loader_path/Frameworks";
				PRODUCT_BUNDLE_IDENTIFIER = com.soft.demo1.TianmaoGoodSelectTests;
				PRODUCT_NAME = "$(TARGET_NAME)";
				TEST_HOST = "$(BUILT_PRODUCTS_DIR)/TianmaoGoodSelect.app/TianmaoGoodSelect";
			};
			name = Release;
		};
		750C892E1D451C5A0024BBB5 /* Debug */ = {
			isa = XCBuildConfiguration;
			buildSettings = {
				INFOPLIST_FILE = TianmaoGoodSelectUITests/Info.plist;
				LD_RUNPATH_SEARCH_PATHS = "$(inherited) @executable_path/Frameworks @loader_path/Frameworks";
				PRODUCT_BUNDLE_IDENTIFIER = com.soft.demo1.TianmaoGoodSelectUITests;
				PRODUCT_NAME = "$(TARGET_NAME)";
				TEST_TARGET_NAME = TianmaoGoodSelect;
			};
			name = Debug;
		};
		750C892F1D451C5A0024BBB5 /* Release */ = {
			isa = XCBuildConfiguration;
			buildSettings = {
				INFOPLIST_FILE = TianmaoGoodSelectUITests/Info.plist;
				LD_RUNPATH_SEARCH_PATHS = "$(inherited) @executable_path/Frameworks @loader_path/Frameworks";
				PRODUCT_BUNDLE_IDENTIFIER = com.soft.demo1.TianmaoGoodSelectUITests;
				PRODUCT_NAME = "$(TARGET_NAME)";
				TEST_TARGET_NAME = TianmaoGoodSelect;
			};
			name = Release;
		};
/* End XCBuildConfiguration section */

/* Begin XCConfigurationList section */
		750C88F51D451C5A0024BBB5 /* Build configuration list for PBXProject "TianmaoGoodSelect" */ = {
			isa = XCConfigurationList;
			buildConfigurations = (
				750C89251D451C5A0024BBB5 /* Debug */,
				750C89261D451C5A0024BBB5 /* Release */,
			);
			defaultConfigurationIsVisible = 0;
			defaultConfigurationName = Release;
		};
		750C89271D451C5A0024BBB5 /* Build configuration list for PBXNativeTarget "TianmaoGoodSelect" */ = {
			isa = XCConfigurationList;
			buildConfigurations = (
				750C89281D451C5A0024BBB5 /* Debug */,
				750C89291D451C5A0024BBB5 /* Release */,
			);
			defaultConfigurationIsVisible = 0;
			defaultConfigurationName = Release;
		};
		750C892A1D451C5A0024BBB5 /* Build configuration list for PBXNativeTarget "TianmaoGoodSelectTests" */ = {
			isa = XCConfigurationList;
			buildConfigurations = (
				750C892B1D451C5A0024BBB5 /* Debug */,
				750C892C1D451C5A0024BBB5 /* Release */,
			);
			defaultConfigurationIsVisible = 0;
			defaultConfigurationName = Release;
		};
		750C892D1D451C5A0024BBB5 /* Build configuration list for PBXNativeTarget "TianmaoGoodSelectUITests" */ = {
			isa = XCConfigurationList;
			buildConfigurations = (
				750C892E1D451C5A0024BBB5 /* Debug */,
				750C892F1D451C5A0024BBB5 /* Release */,
			);
			defaultConfigurationIsVisible = 0;
			defaultConfigurationName = Release;
		};
/* End XCConfigurationList section */
	};
	rootObject = 750C88F21D451C5A0024BBB5 /* Project object */;
}
